// !$*UTF8*$!
{
	archiveVersion = 1;
	classes = {
	};
	objectVersion = 46;
	objects = {

/* Begin PBXBuildFile section */
		3D147750844C1F26765B7CB2 /* Pods_DLNetworkingKit.framework in Frameworks */ = {isa = PBXBuildFile; fileRef = 73163B69B072A85F039AD09A /* Pods_DLNetworkingKit.framework */; };
		533DA4941F016B0A00B4B3B0 /* DLNetworkingKit.framework in Frameworks */ = {isa = PBXBuildFile; fileRef = 533DA48A1F016B0A00B4B3B0 /* DLNetworkingKit.framework */; };
		533DA4991F016B0A00B4B3B0 /* DLNetworkingKitTests.m in Sources */ = {isa = PBXBuildFile; fileRef = 533DA4981F016B0A00B4B3B0 /* DLNetworkingKitTests.m */; };
		533DA49B1F016B0A00B4B3B0 /* DLNetworkingKit.h in Headers */ = {isa = PBXBuildFile; fileRef = 533DA48D1F016B0A00B4B3B0 /* DLNetworkingKit.h */; settings = {ATTRIBUTES = (Public, ); }; };
		FDCB7E9C9E85FEC512F5B422 /* Pods_DLNetworkingKitTests.framework in Frameworks */ = {isa = PBXBuildFile; fileRef = C81738BA9929CE71592A7E71 /* Pods_DLNetworkingKitTests.framework */; };
/* End PBXBuildFile section */

/* Begin PBXContainerItemProxy section */
		533DA4951F016B0A00B4B3B0 /* PBXContainerItemProxy */ = {
			isa = PBXContainerItemProxy;
			containerPortal = 533DA4811F016B0A00B4B3B0 /* Project object */;
			proxyType = 1;
			remoteGlobalIDString = 533DA4891F016B0A00B4B3B0;
			remoteInfo = DLNetworkingKit;
		};
/* End PBXContainerItemProxy section */

/* Begin PBXFileReference section */
		0EDFC3F04B8720A3EA83D124 /* Pods-DLNetworkingKitTests.release.xcconfig */ = {isa = PBXFileReference; includeInIndex = 1; lastKnownFileType = text.xcconfig; name = "Pods-DLNetworkingKitTests.release.xcconfig"; path = "Pods/Target Support Files/Pods-DLNetworkingKitTests/Pods-DLNetworkingKitTests.release.xcconfig"; sourceTree = "<group>"; };
		533DA48A1F016B0A00B4B3B0 /* DLNetworkingKit.framework */ = {isa = PBXFileReference; explicitFileType = wrapper.framework; includeInIndex = 0; path = DLNetworkingKit.framework; sourceTree = BUILT_PRODUCTS_DIR; };
		533DA48D1F016B0A00B4B3B0 /* DLNetworkingKit.h */ = {isa = PBXFileReference; lastKnownFileType = sourcecode.c.h; path = DLNetworkingKit.h; sourceTree = "<group>"; };
		533DA48E1F016B0A00B4B3B0 /* Info.plist */ = {isa = PBXFileReference; lastKnownFileType = text.plist.xml; path = Info.plist; sourceTree = "<group>"; };
		533DA4931F016B0A00B4B3B0 /* DLNetworkingKitTests.xctest */ = {isa = PBXFileReference; explicitFileType = wrapper.cfbundle; includeInIndex = 0; path = DLNetworkingKitTests.xctest; sourceTree = BUILT_PRODUCTS_DIR; };
		533DA4981F016B0A00B4B3B0 /* DLNetworkingKitTests.m */ = {isa = PBXFileReference; lastKnownFileType = sourcecode.c.objc; path = DLNetworkingKitTests.m; sourceTree = "<group>"; };
		533DA49A1F016B0A00B4B3B0 /* Info.plist */ = {isa = PBXFileReference; lastKnownFileType = text.plist.xml; path = Info.plist; sourceTree = "<group>"; };
		73163B69B072A85F039AD09A /* Pods_DLNetworkingKit.framework */ = {isa = PBXFileReference; explicitFileType = wrapper.framework; includeInIndex = 0; path = Pods_DLNetworkingKit.framework; sourceTree = BUILT_PRODUCTS_DIR; };
		C81738BA9929CE71592A7E71 /* Pods_DLNetworkingKitTests.framework */ = {isa = PBXFileReference; explicitFileType = wrapper.framework; includeInIndex = 0; path = Pods_DLNetworkingKitTests.framework; sourceTree = BUILT_PRODUCTS_DIR; };
		CEF3FED34809ECC6394916E5 /* Pods-DLNetworkingKit.debug.xcconfig */ = {isa = PBXFileReference; includeInIndex = 1; lastKnownFileType = text.xcconfig; name = "Pods-DLNetworkingKit.debug.xcconfig"; path = "Pods/Target Support Files/Pods-DLNetworkingKit/Pods-DLNetworkingKit.debug.xcconfig"; sourceTree = "<group>"; };
		E5814F58E3AAE1432E998949 /* Pods-DLNetworkingKit.release.xcconfig */ = {isa = PBXFileReference; includeInIndex = 1; lastKnownFileType = text.xcconfig; name = "Pods-DLNetworkingKit.release.xcconfig"; path = "Pods/Target Support Files/Pods-DLNetworkingKit/Pods-DLNetworkingKit.release.xcconfig"; sourceTree = "<group>"; };
		EF333787B54D6CD0CCCA536E /* Pods-DLNetworkingKitTests.debug.xcconfig */ = {isa = PBXFileReference; includeInIndex = 1; lastKnownFileType = text.xcconfig; name = "Pods-DLNetworkingKitTests.debug.xcconfig"; path = "Pods/Target Support Files/Pods-DLNetworkingKitTests/Pods-DLNetworkingKitTests.debug.xcconfig"; sourceTree = "<group>"; };
/* End PBXFileReference section */

/* Begin PBXFrameworksBuildPhase section */
		533DA4861F016B0A00B4B3B0 /* Frameworks */ = {
			isa = PBXFrameworksBuildPhase;
			buildActionMask = 2147483647;
			files = (
				3D147750844C1F26765B7CB2 /* Pods_DLNetworkingKit.framework in Frameworks */,
			);
			runOnlyForDeploymentPostprocessing = 0;
		};
		533DA4901F016B0A00B4B3B0 /* Frameworks */ = {
			isa = PBXFrameworksBuildPhase;
			buildActionMask = 2147483647;
			files = (
				533DA4941F016B0A00B4B3B0 /* DLNetworkingKit.framework in Frameworks */,
				FDCB7E9C9E85FEC512F5B422 /* Pods_DLNetworkingKitTests.framework in Frameworks */,
			);
			runOnlyForDeploymentPostprocessing = 0;
		};
/* End PBXFrameworksBuildPhase section */

/* Begin PBXGroup section */
		533DA4801F016B0A00B4B3B0 = {
			isa = PBXGroup;
			children = (
				533DA48C1F016B0A00B4B3B0 /* DLNetworkingKit */,
				533DA4971F016B0A00B4B3B0 /* DLNetworkingKitTests */,
				533DA48B1F016B0A00B4B3B0 /* Products */,
				7D8E16BFF86A9DA8B68616EB /* Pods */,
				7A50CF9444F825C0B58782A2 /* Frameworks */,
			);
			sourceTree = "<group>";
		};
		533DA48B1F016B0A00B4B3B0 /* Products */ = {
			isa = PBXGroup;
			children = (
				533DA48A1F016B0A00B4B3B0 /* DLNetworkingKit.framework */,
				533DA4931F016B0A00B4B3B0 /* DLNetworkingKitTests.xctest */,
			);
			name = Products;
			sourceTree = "<group>";
		};
		533DA48C1F016B0A00B4B3B0 /* DLNetworkingKit */ = {
			isa = PBXGroup;
			children = (
				533DA48D1F016B0A00B4B3B0 /* DLNetworkingKit.h */,
				533DA48E1F016B0A00B4B3B0 /* Info.plist */,
			);
			path = DLNetworkingKit;
			sourceTree = "<group>";
		};
		533DA4971F016B0A00B4B3B0 /* DLNetworkingKitTests */ = {
			isa = PBXGroup;
			children = (
				533DA4981F016B0A00B4B3B0 /* DLNetworkingKitTests.m */,
				533DA49A1F016B0A00B4B3B0 /* Info.plist */,
			);
			path = DLNetworkingKitTests;
			sourceTree = "<group>";
		};
		7A50CF9444F825C0B58782A2 /* Frameworks */ = {
			isa = PBXGroup;
			children = (
				73163B69B072A85F039AD09A /* Pods_DLNetworkingKit.framework */,
				C81738BA9929CE71592A7E71 /* Pods_DLNetworkingKitTests.framework */,
			);
			name = Frameworks;
			sourceTree = "<group>";
		};
		7D8E16BFF86A9DA8B68616EB /* Pods */ = {
			isa = PBXGroup;
			children = (
				CEF3FED34809ECC6394916E5 /* Pods-DLNetworkingKit.debug.xcconfig */,
				E5814F58E3AAE1432E998949 /* Pods-DLNetworkingKit.release.xcconfig */,
				EF333787B54D6CD0CCCA536E /* Pods-DLNetworkingKitTests.debug.xcconfig */,
				0EDFC3F04B8720A3EA83D124 /* Pods-DLNetworkingKitTests.release.xcconfig */,
			);
			name = Pods;
			sourceTree = "<group>";
		};
/* End PBXGroup section */

/* Begin PBXHeadersBuildPhase section */
		533DA4871F016B0A00B4B3B0 /* Headers */ = {
			isa = PBXHeadersBuildPhase;
			buildActionMask = 2147483647;
			files = (
				533DA49B1F016B0A00B4B3B0 /* DLNetworkingKit.h in Headers */,
			);
			runOnlyForDeploymentPostprocessing = 0;
		};
/* End PBXHeadersBuildPhase section */

/* Begin PBXNativeTarget section */
		533DA4891F016B0A00B4B3B0 /* DLNetworkingKit */ = {
			isa = PBXNativeTarget;
			buildConfigurationList = 533DA49E1F016B0A00B4B3B0 /* Build configuration list for PBXNativeTarget "DLNetworkingKit" */;
			buildPhases = (
				9BE8C98B2B220C573FD6DE9E /* [CP] Check Pods Manifest.lock */,
				533DA4851F016B0A00B4B3B0 /* Sources */,
				533DA4861F016B0A00B4B3B0 /* Frameworks */,
				533DA4871F016B0A00B4B3B0 /* Headers */,
				533DA4881F016B0A00B4B3B0 /* Resources */,
				0571AE58A22E0012EACAB9B1 /* [CP] Copy Pods Resources */,
			);
			buildRules = (
			);
			dependencies = (
			);
			name = DLNetworkingKit;
			productName = DLNetworkingKit;
			productReference = 533DA48A1F016B0A00B4B3B0 /* DLNetworkingKit.framework */;
			productType = "com.apple.product-type.framework";
		};
		533DA4921F016B0A00B4B3B0 /* DLNetworkingKitTests */ = {
			isa = PBXNativeTarget;
			buildConfigurationList = 533DA4A11F016B0A00B4B3B0 /* Build configuration list for PBXNativeTarget "DLNetworkingKitTests" */;
			buildPhases = (
				582E1E9DDC29286B40FACA17 /* [CP] Check Pods Manifest.lock */,
				533DA48F1F016B0A00B4B3B0 /* Sources */,
				533DA4901F016B0A00B4B3B0 /* Frameworks */,
				533DA4911F016B0A00B4B3B0 /* Resources */,
				EF7BB060CBA5F97156B478C8 /* [CP] Embed Pods Frameworks */,
				82F3C3271E5765737C58625C /* [CP] Copy Pods Resources */,
			);
			buildRules = (
			);
			dependencies = (
				533DA4961F016B0A00B4B3B0 /* PBXTargetDependency */,
			);
			name = DLNetworkingKitTests;
			productName = DLNetworkingKitTests;
			productReference = 533DA4931F016B0A00B4B3B0 /* DLNetworkingKitTests.xctest */;
			productType = "com.apple.product-type.bundle.unit-test";
		};
/* End PBXNativeTarget section */

/* Begin PBXProject section */
		533DA4811F016B0A00B4B3B0 /* Project object */ = {
			isa = PBXProject;
			attributes = {
				LastUpgradeCheck = 0830;
				ORGANIZATIONNAME = dylan.zhang;
				TargetAttributes = {
					533DA4891F016B0A00B4B3B0 = {
						CreatedOnToolsVersion = 8.3.3;
						DevelopmentTeam = 942CC4H6H8;
						ProvisioningStyle = Automatic;
					};
					533DA4921F016B0A00B4B3B0 = {
						CreatedOnToolsVersion = 8.3.3;
						DevelopmentTeam = 942CC4H6H8;
						ProvisioningStyle = Automatic;
					};
				};
			};
			buildConfigurationList = 533DA4841F016B0A00B4B3B0 /* Build configuration list for PBXProject "DLNetworkingKit" */;
			compatibilityVersion = "Xcode 3.2";
			developmentRegion = English;
			hasScannedForEncodings = 0;
			knownRegions = (
				en,
			);
			mainGroup = 533DA4801F016B0A00B4B3B0;
			productRefGroup = 533DA48B1F016B0A00B4B3B0 /* Products */;
			projectDirPath = "";
			projectRoot = "";
			targets = (
				533DA4891F016B0A00B4B3B0 /* DLNetworkingKit */,
				533DA4921F016B0A00B4B3B0 /* DLNetworkingKitTests */,
			);
		};
/* End PBXProject section */

/* Begin PBXResourcesBuildPhase section */
		533DA4881F016B0A00B4B3B0 /* Resources */ = {
			isa = PBXResourcesBuildPhase;
			buildActionMask = 2147483647;
			files = (
			);
			runOnlyForDeploymentPostprocessing = 0;
		};
		533DA4911F016B0A00B4B3B0 /* Resources */ = {
			isa = PBXResourcesBuildPhase;
			buildActionMask = 2147483647;
			files = (
			);
			runOnlyForDeploymentPostprocessing = 0;
		};
/* End PBXResourcesBuildPhase section */

/* Begin PBXShellScriptBuildPhase section */
		0571AE58A22E0012EACAB9B1 /* [CP] Copy Pods Resources */ = {
			isa = PBXShellScriptBuildPhase;
			buildActionMask = 2147483647;
			files = (
			);
			inputPaths = (
			);
			name = "[CP] Copy Pods Resources";
			outputPaths = (
			);
			runOnlyForDeploymentPostprocessing = 0;
			shellPath = /bin/sh;
			shellScript = "\"${SRCROOT}/Pods/Target Support Files/Pods-DLNetworkingKit/Pods-DLNetworkingKit-resources.sh\"\n";
			showEnvVarsInLog = 0;
		};
		582E1E9DDC29286B40FACA17 /* [CP] Check Pods Manifest.lock */ = {
			isa = PBXShellScriptBuildPhase;
			buildActionMask = 2147483647;
			files = (
			);
			inputPaths = (
			);
			name = "[CP] Check Pods Manifest.lock";
			outputPaths = (
			);
			runOnlyForDeploymentPostprocessing = 0;
			shellPath = /bin/sh;
			shellScript = "diff \"${PODS_PODFILE_DIR_PATH}/Podfile.lock\" \"${PODS_ROOT}/Manifest.lock\" > /dev/null\nif [ $? != 0 ] ; then\n    # print error to STDERR\n    echo \"error: The sandbox is not in sync with the Podfile.lock. Run 'pod install' or update your CocoaPods installation.\" >&2\n    exit 1\nfi\n";
			showEnvVarsInLog = 0;
		};
		82F3C3271E5765737C58625C /* [CP] Copy Pods Resources */ = {
			isa = PBXShellScriptBuildPhase;
			buildActionMask = 2147483647;
			files = (
			);
			inputPaths = (
			);
			name = "[CP] Copy Pods Resources";
			outputPaths = (
			);
			runOnlyForDeploymentPostprocessing = 0;
			shellPath = /bin/sh;
			shellScript = "\"${SRCROOT}/Pods/Target Support Files/Pods-DLNetworkingKitTests/Pods-DLNetworkingKitTests-resources.sh\"\n";
			showEnvVarsInLog = 0;
		};
		9BE8C98B2B220C573FD6DE9E /* [CP] Check Pods Manifest.lock */ = {
			isa = PBXShellScriptBuildPhase;
			buildActionMask = 2147483647;
			files = (
			);
			inputPaths = (
			);
			name = "[CP] Check Pods Manifest.lock";
			outputPaths = (
			);
			runOnlyForDeploymentPostprocessing = 0;
			shellPath = /bin/sh;
			shellScript = "diff \"${PODS_PODFILE_DIR_PATH}/Podfile.lock\" \"${PODS_ROOT}/Manifest.lock\" > /dev/null\nif [ $? != 0 ] ; then\n    # print error to STDERR\n    echo \"error: The sandbox is not in sync with the Podfile.lock. Run 'pod install' or update your CocoaPods installation.\" >&2\n    exit 1\nfi\n";
			showEnvVarsInLog = 0;
		};
		EF7BB060CBA5F97156B478C8 /* [CP] Embed Pods Frameworks */ = {
			isa = PBXShellScriptBuildPhase;
			buildActionMask = 2147483647;
			files = (
			);
			inputPaths = (
			);
			name = "[CP] Embed Pods Frameworks";
			outputPaths = (
			);
			runOnlyForDeploymentPostprocessing = 0;
			shellPath = /bin/sh;
			shellScript = "\"${SRCROOT}/Pods/Target Support Files/Pods-DLNetworkingKitTests/Pods-DLNetworkingKitTests-frameworks.sh\"\n";
			showEnvVarsInLog = 0;
		};
/* End PBXShellScriptBuildPhase section */

/* Begin PBXSourcesBuildPhase section */
		533DA4851F016B0A00B4B3B0 /* Sources */ = {
			isa = PBXSourcesBuildPhase;
			buildActionMask = 2147483647;
			files = (
			);
			runOnlyForDeploymentPostprocessing = 0;
		};
		533DA48F1F016B0A00B4B3B0 /* Sources */ = {
			isa = PBXSourcesBuildPhase;
			buildActionMask = 2147483647;
			files = (
				533DA4991F016B0A00B4B3B0 /* DLNetworkingKitTests.m in Sources */,
			);
			runOnlyForDeploymentPostprocessing = 0;
		};
/* End PBXSourcesBuildPhase section */

/* Begin PBXTargetDependency section */
		533DA4961F016B0A00B4B3B0 /* PBXTargetDependency */ = {
			isa = PBXTargetDependency;
			target = 533DA4891F016B0A00B4B3B0 /* DLNetworkingKit */;
			targetProxy = 533DA4951F016B0A00B4B3B0 /* PBXContainerItemProxy */;
		};
/* End PBXTargetDependency section */

/* Begin XCBuildConfiguration section */
		533DA49C1F016B0A00B4B3B0 /* Debug */ = {
			isa = XCBuildConfiguration;
			buildSettings = {
				ALWAYS_SEARCH_USER_PATHS = NO;
				CLANG_ANALYZER_NONNULL = YES;
				CLANG_ANALYZER_NUMBER_OBJECT_CONVERSION = YES_AGGRESSIVE;
				CLANG_CXX_LANGUAGE_STANDARD = "gnu++0x";
				CLANG_CXX_LIBRARY = "libc++";
				CLANG_ENABLE_MODULES = YES;
				CLANG_ENABLE_OBJC_ARC = YES;
				CLANG_WARN_BOOL_CONVERSION = YES;
				CLANG_WARN_CONSTANT_CONVERSION = YES;
				CLANG_WARN_DIRECT_OBJC_ISA_USAGE = YES_ERROR;
				CLANG_WARN_DOCUMENTATION_COMMENTS = YES;
				CLANG_WARN_EMPTY_BODY = YES;
				CLANG_WARN_ENUM_CONVERSION = YES;
				CLANG_WARN_INFINITE_RECURSION = YES;
				CLANG_WARN_INT_CONVERSION = YES;
				CLANG_WARN_OBJC_ROOT_CLASS = YES_ERROR;
				CLANG_WARN_SUSPICIOUS_MOVE = YES;
				CLANG_WARN_UNREACHABLE_CODE = YES;
				CLANG_WARN__DUPLICATE_METHOD_MATCH = YES;
				"CODE_SIGN_IDENTITY[sdk=iphoneos*]" = "iPhone Developer";
				COPY_PHASE_STRIP = NO;
				CURRENT_PROJECT_VERSION = 1;
				DEBUG_INFORMATION_FORMAT = dwarf;
				ENABLE_STRICT_OBJC_MSGSEND = YES;
				ENABLE_TESTABILITY = YES;
				GCC_C_LANGUAGE_STANDARD = gnu99;
				GCC_DYNAMIC_NO_PIC = NO;
				GCC_NO_COMMON_BLOCKS = YES;
				GCC_OPTIMIZATION_LEVEL = 0;
				GCC_PREPROCESSOR_DEFINITIONS = (
					"DEBUG=1",
					"$(inherited)",
				);
				GCC_WARN_64_TO_32_BIT_CONVERSION = YES;
				GCC_WARN_ABOUT_RETURN_TYPE = YES_ERROR;
				GCC_WARN_UNDECLARED_SELECTOR = YES;
				GCC_WARN_UNINITIALIZED_AUTOS = YES_AGGRESSIVE;
				GCC_WARN_UNUSED_FUNCTION = YES;
				GCC_WARN_UNUSED_VARIABLE = YES;
				IPHONEOS_DEPLOYMENT_TARGET = 10.3;
				MTL_ENABLE_DEBUG_INFO = YES;
				ONLY_ACTIVE_ARCH = YES;
				SDKROOT = iphoneos;
				TARGETED_DEVICE_FAMILY = "1,2";
				VERSIONING_SYSTEM = "apple-generic";
				VERSION_INFO_PREFIX = "";
			};
			name = Debug;
		};
		533DA49D1F016B0A00B4B3B0 /* Release */ = {
			isa = XCBuildConfiguration;
			buildSettings = {
				ALWAYS_SEARCH_USER_PATHS = NO;
				CLANG_ANALYZER_NONNULL = YES;
				CLANG_ANALYZER_NUMBER_OBJECT_CONVERSION = YES_AGGRESSIVE;
				CLANG_CXX_LANGUAGE_STANDARD = "gnu++0x";
				CLANG_CXX_LIBRARY = "libc++";
				CLANG_ENABLE_MODULES = YES;
				CLANG_ENABLE_OBJC_ARC = YES;
				CLANG_WARN_BOOL_CONVERSION = YES;
				CLANG_WARN_CONSTANT_CONVERSION = YES;
				CLANG_WARN_DIRECT_OBJC_ISA_USAGE = YES_ERROR;
				CLANG_WARN_DOCUMENTATION_COMMENTS = YES;
				CLANG_WARN_EMPTY_BODY = YES;
				CLANG_WARN_ENUM_CONVERSION = YES;
				CLANG_WARN_INFINITE_RECURSION = YES;
				CLANG_WARN_INT_CONVERSION = YES;
				CLANG_WARN_OBJC_ROOT_CLASS = YES_ERROR;
				CLANG_WARN_SUSPICIOUS_MOVE = YES;
				CLANG_WARN_UNREACHABLE_CODE = YES;
				CLANG_WARN__DUPLICATE_METHOD_MATCH = YES;
				"CODE_SIGN_IDENTITY[sdk=iphoneos*]" = "iPhone Developer";
				COPY_PHASE_STRIP = NO;
				CURRENT_PROJECT_VERSION = 1;
				DEBUG_INFORMATION_FORMAT = "dwarf-with-dsym";
				ENABLE_NS_ASSERTIONS = NO;
				ENABLE_STRICT_OBJC_MSGSEND = YES;
				GCC_C_LANGUAGE_STANDARD = gnu99;
				GCC_NO_COMMON_BLOCKS = YES;
				GCC_WARN_64_TO_32_BIT_CONVERSION = YES;
				GCC_WARN_ABOUT_RETURN_TYPE = YES_ERROR;
				GCC_WARN_UNDECLARED_SELECTOR = YES;
				GCC_WARN_UNINITIALIZED_AUTOS = YES_AGGRESSIVE;
				GCC_WARN_UNUSED_FUNCTION = YES;
				GCC_WARN_UNUSED_VARIABLE = YES;
				IPHONEOS_DEPLOYMENT_TARGET = 10.3;
				MTL_ENABLE_DEBUG_INFO = NO;
				SDKROOT = iphoneos;
				TARGETED_DEVICE_FAMILY = "1,2";
				VALIDATE_PRODUCT = YES;
				VERSIONING_SYSTEM = "apple-generic";
				VERSION_INFO_PREFIX = "";
			};
			name = Release;
		};
		533DA49F1F016B0A00B4B3B0 /* Debug */ = {
			isa = XCBuildConfiguration;
			baseConfigurationReference = CEF3FED34809ECC6394916E5 /* Pods-DLNetworkingKit.debug.xcconfig */;
			buildSettings = {
				CODE_SIGN_IDENTITY = "";
				DEFINES_MODULE = YES;
				DEVELOPMENT_TEAM = 942CC4H6H8;
				DYLIB_COMPATIBILITY_VERSION = 1;
				DYLIB_CURRENT_VERSION = 1;
				DYLIB_INSTALL_NAME_BASE = "@rpath";
				INFOPLIST_FILE = DLNetworkingKit/Info.plist;
				INSTALL_PATH = "$(LOCAL_LIBRARY_DIR)/Frameworks";
				LD_RUNPATH_SEARCH_PATHS = "$(inherited) @executable_path/Frameworks @loader_path/Frameworks";
				PRODUCT_BUNDLE_IDENTIFIER = com.treasure.DLNetworkingKit;
				PRODUCT_NAME = "$(TARGET_NAME)";
				SKIP_INSTALL = YES;
			};
			name = Debug;
		};
		533DA4A01F016B0A00B4B3B0 /* Release */ = {
			isa = XCBuildConfiguration;
			baseConfigurationReference = E5814F58E3AAE1432E998949 /* Pods-DLNetworkingKit.release.xcconfig */;
			buildSettings = {
				CODE_SIGN_IDENTITY = "";
				DEFINES_MODULE = YES;
				DEVELOPMENT_TEAM = 942CC4H6H8;
				DYLIB_COMPATIBILITY_VERSION = 1;
				DYLIB_CURRENT_VERSION = 1;
				DYLIB_INSTALL_NAME_BASE = "@rpath";
				INFOPLIST_FILE = DLNetworkingKit/Info.plist;
				INSTALL_PATH = "$(LOCAL_LIBRARY_DIR)/Frameworks";
				LD_RUNPATH_SEARCH_PATHS = "$(inherited) @executable_path/Frameworks @loader_path/Frameworks";
				PRODUCT_BUNDLE_IDENTIFIER = com.treasure.DLNetworkingKit;
				PRODUCT_NAME = "$(TARGET_NAME)";
				SKIP_INSTALL = YES;
			};
			name = Release;
		};
		533DA4A21F016B0A00B4B3B0 /* Debug */ = {
			isa = XCBuildConfiguration;
			baseConfigurationReference = EF333787B54D6CD0CCCA536E /* Pods-DLNetworkingKitTests.debug.xcconfig */;
			buildSettings = {
				DEVELOPMENT_TEAM = 942CC4H6H8;
				INFOPLIST_FILE = DLNetworkingKitTests/Info.plist;
				LD_RUNPATH_SEARCH_PATHS = "$(inherited) @executable_path/Frameworks @loader_path/Frameworks";
				PRODUCT_BUNDLE_IDENTIFIER = com.treasure.DLNetworkingKitTests;
				PRODUCT_NAME = "$(TARGET_NAME)";
			};
			name = Debug;
		};
		533DA4A31F016B0A00B4B3B0 /* Release */ = {
			isa = XCBuildConfiguration;
			baseConfigurationReference = 0EDFC3F04B8720A3EA83D124 /* Pods-DLNetworkingKitTests.release.xcconfig */;
			buildSettings = {
				DEVELOPMENT_TEAM = 942CC4H6H8;
				INFOPLIST_FILE = DLNetworkingKitTests/Info.plist;
				LD_RUNPATH_SEARCH_PATHS = "$(inherited) @executable_path/Frameworks @loader_path/Frameworks";
				PRODUCT_BUNDLE_IDENTIFIER = com.treasure.DLNetworkingKitTests;
				PRODUCT_NAME = "$(TARGET_NAME)";
			};
			name = Release;
		};
/* End XCBuildConfiguration section */

/* Begin XCConfigurationList section */
		533DA4841F016B0A00B4B3B0 /* Build configuration list for PBXProject "DLNetworkingKit" */ = {
			isa = XCConfigurationList;
			buildConfigurations = (
				533DA49C1F016B0A00B4B3B0 /* Debug */,
				533DA49D1F016B0A00B4B3B0 /* Release */,
			);
			defaultConfigurationIsVisible = 0;
			defaultConfigurationName = Release;
		};
		533DA49E1F016B0A00B4B3B0 /* Build configuration list for PBXNativeTarget "DLNetworkingKit" */ = {
			isa = XCConfigurationList;
			buildConfigurations = (
				533DA49F1F016B0A00B4B3B0 /* Debug */,
				533DA4A01F016B0A00B4B3B0 /* Release */,
			);
			defaultConfigurationIsVisible = 0;
		};
		533DA4A11F016B0A00B4B3B0 /* Build configuration list for PBXNativeTarget "DLNetworkingKitTests" */ = {
			isa = XCConfigurationList;
			buildConfigurations = (
				533DA4A21F016B0A00B4B3B0 /* Debug */,
				533DA4A31F016B0A00B4B3B0 /* Release */,
			);
			defaultConfigurationIsVisible = 0;
		};
/* End XCConfigurationList section */
	};
	rootObject = 533DA4811F016B0A00B4B3B0 /* Project object */;
}
